
Microsoft Visual Studio Solution File, Format Version 12.00
# Visual Studio Version 16
VisualStudioVersion = 16.0.810.19
MinimumVisualStudioVersion = 10.0.40219.1
Project("{FAE04EC0-301F-11D3-BF4B-00C04F79EFBC}") = "lwsc_remote.Android", "lwsc_remote.Android\lwsc_remote.Android.csproj", "{183E9353-5E0F-43B0-8EDB-36354BF55AD3}"
EndProject
Project("{FAE04EC0-301F-11D3-BF4B-00C04F79EFBC}") = "lwsc_remote.iOS", "lwsc_remote.iOS\lwsc_remote.iOS.csproj", "{AB438FD2-7350-4AC3-BA0F-68CFE558A761}"
EndProject
Project("{FAE04EC0-301F-11D3-BF4B-00C04F79EFBC}") = "lwsc_remote", "lwsc_remote\lwsc_remote.csproj", "{A74119F7-5084-4EC2-9431-DE92B9FBEB56}"
EndProject
Global
	GlobalSection(SolutionConfigurationPlatforms) = preSolution
		Debug|Any CPU = Debug|Any CPU
		Release|Any CPU = Release|Any CPU
		Debug|iPhoneSimulator = Debug|iPhoneSimulator
		Release|iPhoneSimulator = Release|iPhoneSimulator
		Debug|iPhone = Debug|iPhone
		Release|iPhone = Release|iPhone
	EndGlobalSection
	GlobalSection(ProjectConfigurationPlatforms) = postSolution
		{183E9353-5E0F-43B0-8EDB-36354BF55AD3}.Debug|Any CPU.ActiveCfg = Debug|Any CPU
		{183E9353-5E0F-43B0-8EDB-36354BF55AD3}.Debug|Any CPU.Build.0 = Debug|Any CPU
		{183E9353-5E0F-43B0-8EDB-36354BF55AD3}.Release|Any CPU.ActiveCfg = Release|Any CPU
		{183E9353-5E0F-43B0-8EDB-36354BF55AD3}.Release|Any CPU.Build.0 = Release|Any CPU
		{183E9353-5E0F-43B0-8EDB-36354BF55AD3}.Debug|iPhoneSimulator.ActiveCfg = Debug|Any CPU
		{183E9353-5E0F-43B0-8EDB-36354BF55AD3}.Debug|iPhoneSimulator.Build.0 = Debug|Any CPU
		{183E9353-5E0F-43B0-8EDB-36354BF55AD3}.Release|iPhoneSimulator.ActiveCfg = Release|Any CPU
		{183E9353-5E0F-43B0-8EDB-36354BF55AD3}.Release|iPhoneSimulator.Build.0 = Release|Any CPU
		{183E9353-5E0F-43B0-8EDB-36354BF55AD3}.Debug|iPhone.ActiveCfg = Debug|Any CPU
		{183E9353-5E0F-43B0-8EDB-36354BF55AD3}.Debug|iPhone.Build.0 = Debug|Any CPU
		{183E9353-5E0F-43B0-8EDB-36354BF55AD3}.Release|iPhone.ActiveCfg = Release|Any CPU
		{183E9353-5E0F-43B0-8EDB-36354BF55AD3}.Release|iPhone.Build.0 = Release|Any CPU
		{AB438FD2-7350-4AC3-BA0F-68CFE558A761}.Debug|Any CPU.ActiveCfg = Debug|iPhoneSimulator
		{AB438FD2-7350-4AC3-BA0F-68CFE558A761}.Debug|Any CPU.Build.0 = Debug|iPhoneSimulator
		{AB438FD2-7350-4AC3-BA0F-68CFE558A761}.Release|Any CPU.ActiveCfg = Release|iPhoneSimulator
		{AB438FD2-7350-4AC3-BA0F-68CFE558A761}.Release|Any CPU.Build.0 = Release|iPhoneSimulator
		{AB438FD2-7350-4AC3-BA0F-68CFE558A761}.Debug|iPhoneSimulator.ActiveCfg = Debug|iPhoneSimulator
		{AB438FD2-7350-4AC3-BA0F-68CFE558A761}.Debug|iPhoneSimulator.Build.0 = Debug|iPhoneSimulator
		{AB438FD2-7350-4AC3-BA0F-68CFE558A761}.Release|iPhoneSimulator.ActiveCfg = Release|iPhoneSimulator
		{AB438FD2-7350-4AC3-BA0F-68CFE558A761}.Release|iPhoneSimulator.Build.0 = Release|iPhoneSimulator
		{AB438FD2-7350-4AC3-BA0F-68CFE558A761}.Debug|iPhone.ActiveCfg = Debug|iPhone
		{AB438FD2-7350-4AC3-BA0F-68CFE558A761}.Debug|iPhone.Build.0 = Debug|iPhone
		{AB438FD2-7350-4AC3-BA0F-68CFE558A761}.Release|iPhone.ActiveCfg = Release|iPhone
		{AB438FD2-7350-4AC3-BA0F-68CFE558A761}.Release|iPhone.Build.0 = Release|iPhone
		{A74119F7-5084-4EC2-9431-DE92B9FBEB56}.Debug|Any CPU.ActiveCfg = Debug|Any CPU
		{A74119F7-5084-4EC2-9431-DE92B9FBEB56}.Debug|Any CPU.Build.0 = Debug|Any CPU
		{A74119F7-5084-4EC2-9431-DE92B9FBEB56}.Release|Any CPU.ActiveCfg = Release|Any CPU
		{A74119F7-5084-4EC2-9431-DE92B9FBEB56}.Release|Any CPU.Build.0 = Release|Any CPU
		{A74119F7-5084-4EC2-9431-DE92B9FBEB56}.Debug|iPhoneSimulator.ActiveCfg = Debug|Any CPU
		{A74119F7-5084-4EC2-9431-DE92B9FBEB56}.Debug|iPhoneSimulator.Build.0 = Debug|Any CPU
		{A74119F7-5084-4EC2-9431-DE92B9FBEB56}.Release|iPhoneSimulator.ActiveCfg = Release|Any CPU
		{A74119F7-5084-4EC2-9431-DE92B9FBEB56}.Release|iPhoneSimulator.Build.0 = Release|Any CPU
		{A74119F7-5084-4EC2-9431-DE92B9FBEB56}.Debug|iPhone.ActiveCfg = Debug|Any CPU
		{A74119F7-5084-4EC2-9431-DE92B9FBEB56}.Debug|iPhone.Build.0 = Debug|Any CPU
		{A74119F7-5084-4EC2-9431-DE92B9FBEB56}.Release|iPhone.ActiveCfg = Release|Any CPU
		{A74119F7-5084-4EC2-9431-DE92B9FBEB56}.Release|iPhone.Build.0 = Release|Any CPU
	EndGlobalSection
	GlobalSection(SolutionProperties) = preSolution
		HideSolutionNode = FALSE
	EndGlobalSection
	GlobalSection(ExtensibilityGlobals) = postSolution
		SolutionGuid = {A62A5594-0365-4BDF-ADE5-7AD63C73BB0C}
	EndGlobalSection
EndGlobal
